
Microsoft Visual Studio Solution File, Format Version 12.00
# Visual Studio Version 16
VisualStudioVersion = 16.0.30225.117
MinimumVisualStudioVersion = 10.0.40219.1
Project("{FAE04EC0-301F-11D3-BF4B-00C04F79EFBC}") = "LeapYear", "LeapYear\LeapYear.csproj", "{EF3FD66E-DC4A-424F-B719-6132C7151739}"
EndProject
Global
	GlobalSection(SolutionConfigurationPlatforms) = preSolution
		Debug|Any CPU = Debug|Any CPU
		Release|Any CPU = Release|Any CPU
	EndGlobalSection
	GlobalSection(ProjectConfigurationPlatforms) = postSolution
		{EF3FD66E-DC4A-424F-B719-6132C7151739}.Debug|Any CPU.ActiveCfg = Debug|Any CPU
		{EF3FD66E-DC4A-424F-B719-6132C7151739}.Debug|Any CPU.Build.0 = Debug|Any CPU
		{EF3FD66E-DC4A-424F-B719-6132C7151739}.Release|Any CPU.ActiveCfg = Release|Any CPU
		{EF3FD66E-DC4A-424F-B719-6132C7151739}.Release|Any CPU.Build.0 = Release|Any CPU
	EndGlobalSection
	GlobalSection(SolutionProperties) = preSolution
		HideSolutionNode = FALSE
	EndGlobalSection
	GlobalSection(ExtensibilityGlobals) = postSolution
		SolutionGuid = {2501CBEC-5308-4E45-9F65-72A8C6FAEFD5}
	EndGlobalSection
EndGlobal
